
Microsoft Visual Studio Solution File, Format Version 12.00
# Visual Studio for Mac
Project("{FAE04EC0-301F-11D3-BF4B-00C04F79EFBC}") = "EV3_Scanner_Visual", "Assembly-CSharp.csproj", "{CF59964B-D414-0249-29C7-3985BC2125DF}"
EndProject
Project("{FAE04EC0-301F-11D3-BF4B-00C04F79EFBC}") = "EV3_Scanner_Visual", "Assembly-CSharp-Editor.csproj", "{C283D05E-05F2-8D5E-36D6-C4087847F1A1}"
EndProject
Global
	GlobalSection(SolutionConfigurationPlatforms) = preSolution
		Debug|Any CPU = Debug|Any CPU
		Release|Any CPU = Release|Any CPU
	EndGlobalSection
	GlobalSection(ProjectConfigurationPlatforms) = postSolution
		{CF59964B-D414-0249-29C7-3985BC2125DF}.Debug|Any CPU.ActiveCfg = Debug|Any CPU
		{CF59964B-D414-0249-29C7-3985BC2125DF}.Debug|Any CPU.Build.0 = Debug|Any CPU
		{CF59964B-D414-0249-29C7-3985BC2125DF}.Release|Any CPU.ActiveCfg = Release|Any CPU
		{CF59964B-D414-0249-29C7-3985BC2125DF}.Release|Any CPU.Build.0 = Release|Any CPU
		{C283D05E-05F2-8D5E-36D6-C4087847F1A1}.Debug|Any CPU.ActiveCfg = Debug|Any CPU
		{C283D05E-05F2-8D5E-36D6-C4087847F1A1}.Debug|Any CPU.Build.0 = Debug|Any CPU
		{C283D05E-05F2-8D5E-36D6-C4087847F1A1}.Release|Any CPU.ActiveCfg = Release|Any CPU
		{C283D05E-05F2-8D5E-36D6-C4087847F1A1}.Release|Any CPU.Build.0 = Release|Any CPU
	EndGlobalSection
	GlobalSection(SolutionProperties) = preSolution
		HideSolutionNode = FALSE
	EndGlobalSection
EndGlobal
